
Microsoft Visual Studio Solution File, Format Version 12.00
# Visual Studio 15
VisualStudioVersion = 15.0.26606.0
MinimumVisualStudioVersion = 10.0.40219.1
Project("{9A19103F-16F7-4668-BE54-9A1E7A4F7556}") = "Dahomey.ExpressionEvaluator", "Dahomey.ExpressionEvaluator\Dahomey.ExpressionEvaluator.csproj", "{6B6565E4-4220-473D-BB4A-D5E0CD190A18}"
EndProject
Project("{9A19103F-16F7-4668-BE54-9A1E7A4F7556}") = "Dahomey.ExpressionEvaluator.Tests", "Dahomey.ExpressionEvaluator.Tests\Dahomey.ExpressionEvaluator.Tests.csproj", "{8D8D911E-35D7-427A-ABD4-CD63A0BB9535}"
EndProject
Global
	GlobalSection(SolutionConfigurationPlatforms) = preSolution
		Debug|Any CPU = Debug|Any CPU
		Release|Any CPU = Release|Any CPU
	EndGlobalSection
	GlobalSection(ProjectConfigurationPlatforms) = postSolution
		{6B6565E4-4220-473D-BB4A-D5E0CD190A18}.Debug|Any CPU.ActiveCfg = Debug|Any CPU
		{6B6565E4-4220-473D-BB4A-D5E0CD190A18}.Debug|Any CPU.Build.0 = Debug|Any CPU
		{6B6565E4-4220-473D-BB4A-D5E0CD190A18}.Release|Any CPU.ActiveCfg = Release|Any CPU
		{6B6565E4-4220-473D-BB4A-D5E0CD190A18}.Release|Any CPU.Build.0 = Release|Any CPU
		{8D8D911E-35D7-427A-ABD4-CD63A0BB9535}.Debug|Any CPU.ActiveCfg = Debug|Any CPU
		{8D8D911E-35D7-427A-ABD4-CD63A0BB9535}.Debug|Any CPU.Build.0 = Debug|Any CPU
		{8D8D911E-35D7-427A-ABD4-CD63A0BB9535}.Release|Any CPU.ActiveCfg = Release|Any CPU
		{8D8D911E-35D7-427A-ABD4-CD63A0BB9535}.Release|Any CPU.Build.0 = Release|Any CPU
	EndGlobalSection
	GlobalSection(SolutionProperties) = preSolution
		HideSolutionNode = FALSE
	EndGlobalSection
EndGlobal
